// !$*UTF8*$!
{
	archiveVersion = 1;
	classes = {
	};
	objectVersion = 50;
	objects = {

/* Begin PBXBuildFile section */
		3BA5282C26ED8C5800746689 /* ExpirenceView.swift in Sources */ = {isa = PBXBuildFile; fileRef = 3BA5282B26ED8C5800746689 /* ExpirenceView.swift */; };
		3BA5282E26ED8EB000746689 /* ExpirencesView.swift in Sources */ = {isa = PBXBuildFile; fileRef = 3BA5282D26ED8EB000746689 /* ExpirencesView.swift */; };
		3BA6877926E6878D002CF86F /* PortfolioAppApp.swift in Sources */ = {isa = PBXBuildFile; fileRef = 3BA6877826E6878D002CF86F /* PortfolioAppApp.swift */; };
		3BA6877B26E6878D002CF86F /* PortfolioView.swift in Sources */ = {isa = PBXBuildFile; fileRef = 3BA6877A26E6878D002CF86F /* PortfolioView.swift */; };
		3BA6877D26E6878E002CF86F /* Assets.xcassets in Resources */ = {isa = PBXBuildFile; fileRef = 3BA6877C26E6878E002CF86F /* Assets.xcassets */; };
		3BA6878026E6878E002CF86F /* Preview Assets.xcassets in Resources */ = {isa = PBXBuildFile; fileRef = 3BA6877F26E6878E002CF86F /* Preview Assets.xcassets */; };
		3BC310A926E68B2500C97841 /* Montserrat-LightItalic.ttf in Resources */ = {isa = PBXBuildFile; fileRef = 3BC310A226E68B2400C97841 /* Montserrat-LightItalic.ttf */; };
		3BC310AA26E68B2500C97841 /* Montserrat-MediumItalic.ttf in Resources */ = {isa = PBXBuildFile; fileRef = 3BC310A326E68B2400C97841 /* Montserrat-MediumItalic.ttf */; };
		3BC310AB26E68B2500C97841 /* Montserrat-BoldItalic.ttf in Resources */ = {isa = PBXBuildFile; fileRef = 3BC310A426E68B2400C97841 /* Montserrat-BoldItalic.ttf */; };
		3BC310AC26E68B2500C97841 /* Montserrat-Medium.ttf in Resources */ = {isa = PBXBuildFile; fileRef = 3BC310A526E68B2400C97841 /* Montserrat-Medium.ttf */; };
		3BC310AD26E68B2500C97841 /* Montserrat-Bold.ttf in Resources */ = {isa = PBXBuildFile; fileRef = 3BC310A626E68B2500C97841 /* Montserrat-Bold.ttf */; };
		3BC310AE26E68B2500C97841 /* Montserrat-SemiBoldItalic.ttf in Resources */ = {isa = PBXBuildFile; fileRef = 3BC310A726E68B2500C97841 /* Montserrat-SemiBoldItalic.ttf */; };
		3BC310AF26E68B2500C97841 /* Montserrat-SemiBold.ttf in Resources */ = {isa = PBXBuildFile; fileRef = 3BC310A826E68B2500C97841 /* Montserrat-SemiBold.ttf */; };
		3BC310B226E68BAA00C97841 /* Code Pro LC.otf in Resources */ = {isa = PBXBuildFile; fileRef = 3BC310B026E68BAA00C97841 /* Code Pro LC.otf */; };
		3BC310B326E68BAA00C97841 /* Code Pro Bold LC.otf in Resources */ = {isa = PBXBuildFile; fileRef = 3BC310B126E68BAA00C97841 /* Code Pro Bold LC.otf */; };
		3BC310B626E6F14500C97841 /* ColorExtension.swift in Sources */ = {isa = PBXBuildFile; fileRef = 3BC310B526E6F14500C97841 /* ColorExtension.swift */; };
		3BC310B926E6F1BB00C97841 /* FontManager.swift in Sources */ = {isa = PBXBuildFile; fileRef = 3BC310B826E6F1BB00C97841 /* FontManager.swift */; };
		3BC310BD26E6F2BF00C97841 /* Portfolio.swift in Sources */ = {isa = PBXBuildFile; fileRef = 3BC310BC26E6F2BF00C97841 /* Portfolio.swift */; };
		3BC310BF26E6F41900C97841 /* AppModel.swift in Sources */ = {isa = PBXBuildFile; fileRef = 3BC310BE26E6F41900C97841 /* AppModel.swift */; };
		3BC310C126E7098600C97841 /* HeaderView.swift in Sources */ = {isa = PBXBuildFile; fileRef = 3BC310C026E7098600C97841 /* HeaderView.swift */; };
		3BC310C326E70CED00C97841 /* SkillView.swift in Sources */ = {isa = PBXBuildFile; fileRef = 3BC310C226E70CED00C97841 /* SkillView.swift */; };
		3BC310C526E99CBD00C97841 /* SkillsView.swift in Sources */ = {isa = PBXBuildFile; fileRef = 3BC310C426E99CBD00C97841 /* SkillsView.swift */; };
/* End PBXBuildFile section */

/* Begin PBXFileReference section */
		3BA5282B26ED8C5800746689 /* ExpirenceView.swift */ = {isa = PBXFileReference; lastKnownFileType = sourcecode.swift; path = ExpirenceView.swift; sourceTree = "<group>"; };
		3BA5282D26ED8EB000746689 /* ExpirencesView.swift */ = {isa = PBXFileReference; lastKnownFileType = sourcecode.swift; path = ExpirencesView.swift; sourceTree = "<group>"; };
		3BA6877526E6878D002CF86F /* PortfolioApp.app */ = {isa = PBXFileReference; explicitFileType = wrapper.application; includeInIndex = 0; path = PortfolioApp.app; sourceTree = BUILT_PRODUCTS_DIR; };
		3BA6877826E6878D002CF86F /* PortfolioAppApp.swift */ = {isa = PBXFileReference; lastKnownFileType = sourcecode.swift; path = PortfolioAppApp.swift; sourceTree = "<group>"; };
		3BA6877A26E6878D002CF86F /* PortfolioView.swift */ = {isa = PBXFileReference; lastKnownFileType = sourcecode.swift; path = PortfolioView.swift; sourceTree = "<group>"; };
		3BA6877C26E6878E002CF86F /* Assets.xcassets */ = {isa = PBXFileReference; lastKnownFileType = folder.assetcatalog; path = Assets.xcassets; sourceTree = "<group>"; };
		3BA6877F26E6878E002CF86F /* Preview Assets.xcassets */ = {isa = PBXFileReference; lastKnownFileType = folder.assetcatalog; path = "Preview Assets.xcassets"; sourceTree = "<group>"; };
		3BA6878126E6878E002CF86F /* Info.plist */ = {isa = PBXFileReference; lastKnownFileType = text.plist.xml; path = Info.plist; sourceTree = "<group>"; };
		3BC310A226E68B2400C97841 /* Montserrat-LightItalic.ttf */ = {isa = PBXFileReference; lastKnownFileType = file; path = "Montserrat-LightItalic.ttf"; sourceTree = "<group>"; };
		3BC310A326E68B2400C97841 /* Montserrat-MediumItalic.ttf */ = {isa = PBXFileReference; lastKnownFileType = file; path = "Montserrat-MediumItalic.ttf"; sourceTree = "<group>"; };
		3BC310A426E68B2400C97841 /* Montserrat-BoldItalic.ttf */ = {isa = PBXFileReference; lastKnownFileType = file; path = "Montserrat-BoldItalic.ttf"; sourceTree = "<group>"; };
		3BC310A526E68B2400C97841 /* Montserrat-Medium.ttf */ = {isa = PBXFileReference; lastKnownFileType = file; path = "Montserrat-Medium.ttf"; sourceTree = "<group>"; };
		3BC310A626E68B2500C97841 /* Montserrat-Bold.ttf */ = {isa = PBXFileReference; lastKnownFileType = file; path = "Montserrat-Bold.ttf"; sourceTree = "<group>"; };
		3BC310A726E68B2500C97841 /* Montserrat-SemiBoldItalic.ttf */ = {isa = PBXFileReference; lastKnownFileType = file; path = "Montserrat-SemiBoldItalic.ttf"; sourceTree = "<group>"; };
		3BC310A826E68B2500C97841 /* Montserrat-SemiBold.ttf */ = {isa = PBXFileReference; lastKnownFileType = file; path = "Montserrat-SemiBold.ttf"; sourceTree = "<group>"; };
		3BC310B026E68BAA00C97841 /* Code Pro LC.otf */ = {isa = PBXFileReference; lastKnownFileType = file; path = "Code Pro LC.otf"; sourceTree = "<group>"; };
		3BC310B126E68BAA00C97841 /* Code Pro Bold LC.otf */ = {isa = PBXFileReference; lastKnownFileType = file; path = "Code Pro Bold LC.otf"; sourceTree = "<group>"; };
		3BC310B526E6F14500C97841 /* ColorExtension.swift */ = {isa = PBXFileReference; lastKnownFileType = sourcecode.swift; path = ColorExtension.swift; sourceTree = "<group>"; };
		3BC310B826E6F1BB00C97841 /* FontManager.swift */ = {isa = PBXFileReference; lastKnownFileType = sourcecode.swift; path = FontManager.swift; sourceTree = "<group>"; };
		3BC310BC26E6F2BF00C97841 /* Portfolio.swift */ = {isa = PBXFileReference; lastKnownFileType = sourcecode.swift; path = Portfolio.swift; sourceTree = "<group>"; };
		3BC310BE26E6F41900C97841 /* AppModel.swift */ = {isa = PBXFileReference; lastKnownFileType = sourcecode.swift; path = AppModel.swift; sourceTree = "<group>"; };
		3BC310C026E7098600C97841 /* HeaderView.swift */ = {isa = PBXFileReference; lastKnownFileType = sourcecode.swift; path = HeaderView.swift; sourceTree = "<group>"; };
		3BC310C226E70CED00C97841 /* SkillView.swift */ = {isa = PBXFileReference; lastKnownFileType = sourcecode.swift; path = SkillView.swift; sourceTree = "<group>"; };
		3BC310C426E99CBD00C97841 /* SkillsView.swift */ = {isa = PBXFileReference; lastKnownFileType = sourcecode.swift; path = SkillsView.swift; sourceTree = "<group>"; };
/* End PBXFileReference section */

/* Begin PBXFrameworksBuildPhase section */
		3BA6877226E6878D002CF86F /* Frameworks */ = {
			isa = PBXFrameworksBuildPhase;
			buildActionMask = 2147483647;
			files = (
			);
			runOnlyForDeploymentPostprocessing = 0;
		};
/* End PBXFrameworksBuildPhase section */

/* Begin PBXGroup section */
		3BA6876C26E6878D002CF86F = {
			isa = PBXGroup;
			children = (
				3BA6877726E6878D002CF86F /* PortfolioApp */,
				3BA6877626E6878D002CF86F /* Products */,
			);
			sourceTree = "<group>";
		};
		3BA6877626E6878D002CF86F /* Products */ = {
			isa = PBXGroup;
			children = (
				3BA6877526E6878D002CF86F /* PortfolioApp.app */,
			);
			name = Products;
			sourceTree = "<group>";
		};
		3BA6877726E6878D002CF86F /* PortfolioApp */ = {
			isa = PBXGroup;
			children = (
				3BC310B726E6F19800C97841 /* Utils */,
				3BC310B426E6F13500C97841 /* Extensions */,
				3BC310A026E68A5600C97841 /* Resources */,
				3BC3109F26E68A1800C97841 /* ViewModel */,
				3BC3109E26E689DF00C97841 /* Views */,
				3BC3109D26E689D300C97841 /* Models */,
				3BC3109C26E689C300C97841 /* Controllers */,
				3BA6877C26E6878E002CF86F /* Assets.xcassets */,
				3BA6878126E6878E002CF86F /* Info.plist */,
				3BA6877E26E6878E002CF86F /* Preview Content */,
			);
			path = PortfolioApp;
			sourceTree = "<group>";
		};
		3BA6877E26E6878E002CF86F /* Preview Content */ = {
			isa = PBXGroup;
			children = (
				3BA6877F26E6878E002CF86F /* Preview Assets.xcassets */,
			);
			path = "Preview Content";
			sourceTree = "<group>";
		};
		3BC3109C26E689C300C97841 /* Controllers */ = {
			isa = PBXGroup;
			children = (
				3BA6877826E6878D002CF86F /* PortfolioAppApp.swift */,
			);
			path = Controllers;
			sourceTree = "<group>";
		};
		3BC3109D26E689D300C97841 /* Models */ = {
			isa = PBXGroup;
			children = (
				3BC310BC26E6F2BF00C97841 /* Portfolio.swift */,
			);
			path = Models;
			sourceTree = "<group>";
		};
		3BC3109E26E689DF00C97841 /* Views */ = {
			isa = PBXGroup;
			children = (
				3BA6877A26E6878D002CF86F /* PortfolioView.swift */,
				3BC310C026E7098600C97841 /* HeaderView.swift */,
				3BC310C226E70CED00C97841 /* SkillView.swift */,
				3BC310C426E99CBD00C97841 /* SkillsView.swift */,
				3BA5282B26ED8C5800746689 /* ExpirenceView.swift */,
				3BA5282D26ED8EB000746689 /* ExpirencesView.swift */,
			);
			path = Views;
			sourceTree = "<group>";
		};
		3BC3109F26E68A1800C97841 /* ViewModel */ = {
			isa = PBXGroup;
			children = (
				3BC310BE26E6F41900C97841 /* AppModel.swift */,
			);
			path = ViewModel;
			sourceTree = "<group>";
		};
		3BC310A026E68A5600C97841 /* Resources */ = {
			isa = PBXGroup;
			children = (
				3BC310A126E68A6000C97841 /* Fonts */,
			);
			path = Resources;
			sourceTree = "<group>";
		};
		3BC310A126E68A6000C97841 /* Fonts */ = {
			isa = PBXGroup;
			children = (
				3BC310A626E68B2500C97841 /* Montserrat-Bold.ttf */,
				3BC310A426E68B2400C97841 /* Montserrat-BoldItalic.ttf */,
				3BC310A226E68B2400C97841 /* Montserrat-LightItalic.ttf */,
				3BC310B126E68BAA00C97841 /* Code Pro Bold LC.otf */,
				3BC310B026E68BAA00C97841 /* Code Pro LC.otf */,
				3BC310A526E68B2400C97841 /* Montserrat-Medium.ttf */,
				3BC310A326E68B2400C97841 /* Montserrat-MediumItalic.ttf */,
				3BC310A826E68B2500C97841 /* Montserrat-SemiBold.ttf */,
				3BC310A726E68B2500C97841 /* Montserrat-SemiBoldItalic.ttf */,
			);
			path = Fonts;
			sourceTree = "<group>";
		};
		3BC310B426E6F13500C97841 /* Extensions */ = {
			isa = PBXGroup;
			children = (
				3BC310B526E6F14500C97841 /* ColorExtension.swift */,
			);
			path = Extensions;
			sourceTree = "<group>";
		};
		3BC310B726E6F19800C97841 /* Utils */ = {
			isa = PBXGroup;
			children = (
				3BC310B826E6F1BB00C97841 /* FontManager.swift */,
			);
			path = Utils;
			sourceTree = "<group>";
		};
/* End PBXGroup section */

/* Begin PBXNativeTarget section */
		3BA6877426E6878D002CF86F /* PortfolioApp */ = {
			isa = PBXNativeTarget;
			buildConfigurationList = 3BA6878426E6878E002CF86F /* Build configuration list for PBXNativeTarget "PortfolioApp" */;
			buildPhases = (
				3BA6877126E6878D002CF86F /* Sources */,
				3BA6877226E6878D002CF86F /* Frameworks */,
				3BA6877326E6878D002CF86F /* Resources */,
			);
			buildRules = (
			);
			dependencies = (
			);
			name = PortfolioApp;
			productName = PortfolioApp;
			productReference = 3BA6877526E6878D002CF86F /* PortfolioApp.app */;
			productType = "com.apple.product-type.application";
		};
/* End PBXNativeTarget section */

/* Begin PBXProject section */
		3BA6876D26E6878D002CF86F /* Project object */ = {
			isa = PBXProject;
			attributes = {
				LastSwiftUpdateCheck = 1250;
				LastUpgradeCheck = 1250;
				TargetAttributes = {
					3BA6877426E6878D002CF86F = {
						CreatedOnToolsVersion = 12.5.1;
					};
				};
			};
			buildConfigurationList = 3BA6877026E6878D002CF86F /* Build configuration list for PBXProject "PortfolioApp" */;
			compatibilityVersion = "Xcode 9.3";
			developmentRegion = en;
			hasScannedForEncodings = 0;
			knownRegions = (
				en,
				Base,
			);
			mainGroup = 3BA6876C26E6878D002CF86F;
			productRefGroup = 3BA6877626E6878D002CF86F /* Products */;
			projectDirPath = "";
			projectRoot = "";
			targets = (
				3BA6877426E6878D002CF86F /* PortfolioApp */,
			);
		};
/* End PBXProject section */

/* Begin PBXResourcesBuildPhase section */
		3BA6877326E6878D002CF86F /* Resources */ = {
			isa = PBXResourcesBuildPhase;
			buildActionMask = 2147483647;
			files = (
				3BA6878026E6878E002CF86F /* Preview Assets.xcassets in Resources */,
				3BA6877D26E6878E002CF86F /* Assets.xcassets in Resources */,
				3BC310AE26E68B2500C97841 /* Montserrat-SemiBoldItalic.ttf in Resources */,
				3BC310AA26E68B2500C97841 /* Montserrat-MediumItalic.ttf in Resources */,
				3BC310AB26E68B2500C97841 /* Montserrat-BoldItalic.ttf in Resources */,
				3BC310AC26E68B2500C97841 /* Montserrat-Medium.ttf in Resources */,
				3BC310AF26E68B2500C97841 /* Montserrat-SemiBold.ttf in Resources */,
				3BC310B326E68BAA00C97841 /* Code Pro Bold LC.otf in Resources */,
				3BC310B226E68BAA00C97841 /* Code Pro LC.otf in Resources */,
				3BC310A926E68B2500C97841 /* Montserrat-LightItalic.ttf in Resources */,
				3BC310AD26E68B2500C97841 /* Montserrat-Bold.ttf in Resources */,
			);
			runOnlyForDeploymentPostprocessing = 0;
		};
/* End PBXResourcesBuildPhase section */

/* Begin PBXSourcesBuildPhase section */
		3BA6877126E6878D002CF86F /* Sources */ = {
			isa = PBXSourcesBuildPhase;
			buildActionMask = 2147483647;
			files = (
				3BA5282C26ED8C5800746689 /* ExpirenceView.swift in Sources */,
				3BC310B626E6F14500C97841 /* ColorExtension.swift in Sources */,
				3BA5282E26ED8EB000746689 /* ExpirencesView.swift in Sources */,
				3BC310BF26E6F41900C97841 /* AppModel.swift in Sources */,
				3BA6877B26E6878D002CF86F /* PortfolioView.swift in Sources */,
				3BC310C526E99CBD00C97841 /* SkillsView.swift in Sources */,
				3BC310B926E6F1BB00C97841 /* FontManager.swift in Sources */,
				3BC310C326E70CED00C97841 /* SkillView.swift in Sources */,
				3BA6877926E6878D002CF86F /* PortfolioAppApp.swift in Sources */,
				3BC310BD26E6F2BF00C97841 /* Portfolio.swift in Sources */,
				3BC310C126E7098600C97841 /* HeaderView.swift in Sources */,
			);
			runOnlyForDeploymentPostprocessing = 0;
		};
/* End PBXSourcesBuildPhase section */

/* Begin XCBuildConfiguration section */
		3BA6878226E6878E002CF86F /* Debug */ = {
			isa = XCBuildConfiguration;
			buildSettings = {
				ALWAYS_SEARCH_USER_PATHS = NO;
				CLANG_ANALYZER_NONNULL = YES;
				CLANG_ANALYZER_NUMBER_OBJECT_CONVERSION = YES_AGGRESSIVE;
				CLANG_CXX_LANGUAGE_STANDARD = "gnu++14";
				CLANG_CXX_LIBRARY = "libc++";
				CLANG_ENABLE_MODULES = YES;
				CLANG_ENABLE_OBJC_ARC = YES;
				CLANG_ENABLE_OBJC_WEAK = YES;
				CLANG_WARN_BLOCK_CAPTURE_AUTORELEASING = YES;
				CLANG_WARN_BOOL_CONVERSION = YES;
				CLANG_WARN_COMMA = YES;
				CLANG_WARN_CONSTANT_CONVERSION = YES;
				CLANG_WARN_DEPRECATED_OBJC_IMPLEMENTATIONS = YES;
				CLANG_WARN_DIRECT_OBJC_ISA_USAGE = YES_ERROR;
				CLANG_WARN_DOCUMENTATION_COMMENTS = YES;
				CLANG_WARN_EMPTY_BODY = YES;
				CLANG_WARN_ENUM_CONVERSION = YES;
				CLANG_WARN_INFINITE_RECURSION = YES;
				CLANG_WARN_INT_CONVERSION = YES;
				CLANG_WARN_NON_LITERAL_NULL_CONVERSION = YES;
				CLANG_WARN_OBJC_IMPLICIT_RETAIN_SELF = YES;
				CLANG_WARN_OBJC_LITERAL_CONVERSION = YES;
				CLANG_WARN_OBJC_ROOT_CLASS = YES_ERROR;
				CLANG_WARN_QUOTED_INCLUDE_IN_FRAMEWORK_HEADER = YES;
				CLANG_WARN_RANGE_LOOP_ANALYSIS = YES;
				CLANG_WARN_STRICT_PROTOTYPES = YES;
				CLANG_WARN_SUSPICIOUS_MOVE = YES;
				CLANG_WARN_UNGUARDED_AVAILABILITY = YES_AGGRESSIVE;
				CLANG_WARN_UNREACHABLE_CODE = YES;
				CLANG_WARN__DUPLICATE_METHOD_MATCH = YES;
				COPY_PHASE_STRIP = NO;
				DEBUG_INFORMATION_FORMAT = dwarf;
				ENABLE_STRICT_OBJC_MSGSEND = YES;
				ENABLE_TESTABILITY = YES;
				GCC_C_LANGUAGE_STANDARD = gnu11;
				GCC_DYNAMIC_NO_PIC = NO;
				GCC_NO_COMMON_BLOCKS = YES;
				GCC_OPTIMIZATION_LEVEL = 0;
				GCC_PREPROCESSOR_DEFINITIONS = (
					"DEBUG=1",
					"$(inherited)",
				);
				GCC_WARN_64_TO_32_BIT_CONVERSION = YES;
				GCC_WARN_ABOUT_RETURN_TYPE = YES_ERROR;
				GCC_WARN_UNDECLARED_SELECTOR = YES;
				GCC_WARN_UNINITIALIZED_AUTOS = YES_AGGRESSIVE;
				GCC_WARN_UNUSED_FUNCTION = YES;
				GCC_WARN_UNUSED_VARIABLE = YES;
				IPHONEOS_DEPLOYMENT_TARGET = 14.5;
				MTL_ENABLE_DEBUG_INFO = INCLUDE_SOURCE;
				MTL_FAST_MATH = YES;
				ONLY_ACTIVE_ARCH = YES;
				SDKROOT = iphoneos;
				SWIFT_ACTIVE_COMPILATION_CONDITIONS = DEBUG;
				SWIFT_OPTIMIZATION_LEVEL = "-Onone";
			};
			name = Debug;
		};
		3BA6878326E6878E002CF86F /* Release */ = {
			isa = XCBuildConfiguration;
			buildSettings = {
				ALWAYS_SEARCH_USER_PATHS = NO;
				CLANG_ANALYZER_NONNULL = YES;
				CLANG_ANALYZER_NUMBER_OBJECT_CONVERSION = YES_AGGRESSIVE;
				CLANG_CXX_LANGUAGE_STANDARD = "gnu++14";
				CLANG_CXX_LIBRARY = "libc++";
				CLANG_ENABLE_MODULES = YES;
				CLANG_ENABLE_OBJC_ARC = YES;
				CLANG_ENABLE_OBJC_WEAK = YES;
				CLANG_WARN_BLOCK_CAPTURE_AUTORELEASING = YES;
				CLANG_WARN_BOOL_CONVERSION = YES;
				CLANG_WARN_COMMA = YES;
				CLANG_WARN_CONSTANT_CONVERSION = YES;
				CLANG_WARN_DEPRECATED_OBJC_IMPLEMENTATIONS = YES;
				CLANG_WARN_DIRECT_OBJC_ISA_USAGE = YES_ERROR;
				CLANG_WARN_DOCUMENTATION_COMMENTS = YES;
				CLANG_WARN_EMPTY_BODY = YES;
				CLANG_WARN_ENUM_CONVERSION = YES;
				CLANG_WARN_INFINITE_RECURSION = YES;
				CLANG_WARN_INT_CONVERSION = YES;
				CLANG_WARN_NON_LITERAL_NULL_CONVERSION = YES;
				CLANG_WARN_OBJC_IMPLICIT_RETAIN_SELF = YES;
				CLANG_WARN_OBJC_LITERAL_CONVERSION = YES;
				CLANG_WARN_OBJC_ROOT_CLASS = YES_ERROR;
				CLANG_WARN_QUOTED_INCLUDE_IN_FRAMEWORK_HEADER = YES;
				CLANG_WARN_RANGE_LOOP_ANALYSIS = YES;
				CLANG_WARN_STRICT_PROTOTYPES = YES;
				CLANG_WARN_SUSPICIOUS_MOVE = YES;
				CLANG_WARN_UNGUARDED_AVAILABILITY = YES_AGGRESSIVE;
				CLANG_WARN_UNREACHABLE_CODE = YES;
				CLANG_WARN__DUPLICATE_METHOD_MATCH = YES;
				COPY_PHASE_STRIP = NO;
				DEBUG_INFORMATION_FORMAT = "dwarf-with-dsym";
				ENABLE_NS_ASSERTIONS = NO;
				ENABLE_STRICT_OBJC_MSGSEND = YES;
				GCC_C_LANGUAGE_STANDARD = gnu11;
				GCC_NO_COMMON_BLOCKS = YES;
				GCC_WARN_64_TO_32_BIT_CONVERSION = YES;
				GCC_WARN_ABOUT_RETURN_TYPE = YES_ERROR;
				GCC_WARN_UNDECLARED_SELECTOR = YES;
				GCC_WARN_UNINITIALIZED_AUTOS = YES_AGGRESSIVE;
				GCC_WARN_UNUSED_FUNCTION = YES;
				GCC_WARN_UNUSED_VARIABLE = YES;
				IPHONEOS_DEPLOYMENT_TARGET = 14.5;
				MTL_ENABLE_DEBUG_INFO = NO;
				MTL_FAST_MATH = YES;
				SDKROOT = iphoneos;
				SWIFT_COMPILATION_MODE = wholemodule;
				SWIFT_OPTIMIZATION_LEVEL = "-O";
				VALIDATE_PRODUCT = YES;
			};
			name = Release;
		};
		3BA6878526E6878E002CF86F /* Debug */ = {
			isa = XCBuildConfiguration;
			buildSettings = {
				ASSETCATALOG_COMPILER_APPICON_NAME = AppIcon;
				ASSETCATALOG_COMPILER_GLOBAL_ACCENT_COLOR_NAME = AccentColor;
				CODE_SIGN_STYLE = Automatic;
				DEVELOPMENT_ASSET_PATHS = "\"PortfolioApp/Preview Content\"";
				DEVELOPMENT_TEAM = A6U65CB7C3;
				ENABLE_PREVIEWS = YES;
				INFOPLIST_FILE = PortfolioApp/Info.plist;
				IPHONEOS_DEPLOYMENT_TARGET = 14.0;
				LD_RUNPATH_SEARCH_PATHS = (
					"$(inherited)",
					"@executable_path/Frameworks",
				);
				PRODUCT_BUNDLE_IDENTIFIER = com.rushipatel.PortfolioApp;
				PRODUCT_NAME = "$(TARGET_NAME)";
				SWIFT_VERSION = 5.0;
				TARGETED_DEVICE_FAMILY = "1,2";
			};
			name = Debug;
		};
		3BA6878626E6878E002CF86F /* Release */ = {
			isa = XCBuildConfiguration;
			buildSettings = {
				ASSETCATALOG_COMPILER_APPICON_NAME = AppIcon;
				ASSETCATALOG_COMPILER_GLOBAL_ACCENT_COLOR_NAME = AccentColor;
				CODE_SIGN_STYLE = Automatic;
				DEVELOPMENT_ASSET_PATHS = "\"PortfolioApp/Preview Content\"";
				DEVELOPMENT_TEAM = A6U65CB7C3;
				ENABLE_PREVIEWS = YES;
				INFOPLIST_FILE = PortfolioApp/Info.plist;
				IPHONEOS_DEPLOYMENT_TARGET = 14.0;
				LD_RUNPATH_SEARCH_PATHS = (
					"$(inherited)",
					"@executable_path/Frameworks",
				);
				PRODUCT_BUNDLE_IDENTIFIER = com.rushipatel.PortfolioApp;
				PRODUCT_NAME = "$(TARGET_NAME)";
				SWIFT_VERSION = 5.0;
				TARGETED_DEVICE_FAMILY = "1,2";
			};
			name = Release;
		};
/* End XCBuildConfiguration section */

/* Begin XCConfigurationList section */
		3BA6877026E6878D002CF86F /* Build configuration list for PBXProject "PortfolioApp" */ = {
			isa = XCConfigurationList;
			buildConfigurations = (
				3BA6878226E6878E002CF86F /* Debug */,
				3BA6878326E6878E002CF86F /* Release */,
			);
			defaultConfigurationIsVisible = 0;
			defaultConfigurationName = Release;
		};
		3BA6878426E6878E002CF86F /* Build configuration list for PBXNativeTarget "PortfolioApp" */ = {
			isa = XCConfigurationList;
			buildConfigurations = (
				3BA6878526E6878E002CF86F /* Debug */,
				3BA6878626E6878E002CF86F /* Release */,
			);
			defaultConfigurationIsVisible = 0;
			defaultConfigurationName = Release;
		};
/* End XCConfigurationList section */
	};
	rootObject = 3BA6876D26E6878D002CF86F /* Project object */;
}
